
Microsoft Visual Studio Solution File, Format Version 12.00
# Visual Studio 15
VisualStudioVersion = 15.0.27703.2035
MinimumVisualStudioVersion = 10.0.40219.1
Project("{FAE04EC0-301F-11D3-BF4B-00C04F79EFBC}") = "EntityframeworkDatabaseMovie", "EntityframeworkDatabaseMovie\EntityframeworkDatabaseMovie.csproj", "{87876FD5-E0D6-41F6-8D2C-F2B46C1F669D}"
EndProject
Global
	GlobalSection(SolutionConfigurationPlatforms) = preSolution
		Debug|Any CPU = Debug|Any CPU
		Release|Any CPU = Release|Any CPU
	EndGlobalSection
	GlobalSection(ProjectConfigurationPlatforms) = postSolution
		{87876FD5-E0D6-41F6-8D2C-F2B46C1F669D}.Debug|Any CPU.ActiveCfg = Debug|Any CPU
		{87876FD5-E0D6-41F6-8D2C-F2B46C1F669D}.Debug|Any CPU.Build.0 = Debug|Any CPU
		{87876FD5-E0D6-41F6-8D2C-F2B46C1F669D}.Release|Any CPU.ActiveCfg = Release|Any CPU
		{87876FD5-E0D6-41F6-8D2C-F2B46C1F669D}.Release|Any CPU.Build.0 = Release|Any CPU
	EndGlobalSection
	GlobalSection(SolutionProperties) = preSolution
		HideSolutionNode = FALSE
	EndGlobalSection
	GlobalSection(ExtensibilityGlobals) = postSolution
		SolutionGuid = {851BF1AF-00A0-419C-B013-C5AF6683ADFC}
	EndGlobalSection
EndGlobal
